// !$*UTF8*$!
{
	archiveVersion = 1;
	classes = {
	};
	objectVersion = 50;
	objects = {

/* Begin PBXBuildFile section */
		3F56AE0025A14CA400C6F959 /* Pie.swift in Sources */ = {isa = PBXBuildFile; fileRef = 3F56ADFF25A14CA400C6F959 /* Pie.swift */; };
		3F56AE0325A1547600C6F959 /* Cardify.swift in Sources */ = {isa = PBXBuildFile; fileRef = 3F56AE0225A1547600C6F959 /* Cardify.swift */; };
		3F9C30BD259B699100D777AF /* MemoryGame.swift in Sources */ = {isa = PBXBuildFile; fileRef = 3F9C30BC259B699100D777AF /* MemoryGame.swift */; };
		3F9C30C0259B6B9E00D777AF /* EmojiMemoryGame.swift in Sources */ = {isa = PBXBuildFile; fileRef = 3F9C30BF259B6B9E00D777AF /* EmojiMemoryGame.swift */; };
		3FBCFE0E259E650000994580 /* Grid.swift in Sources */ = {isa = PBXBuildFile; fileRef = 3FBCFE0D259E650000994580 /* Grid.swift */; };
		3FBCFE11259F7AE100994580 /* GridLayout.swift in Sources */ = {isa = PBXBuildFile; fileRef = 3FBCFE10259F7AE100994580 /* GridLayout.swift */; };
		3FBCFE14259F8D2900994580 /* Array+Identifiable.swift in Sources */ = {isa = PBXBuildFile; fileRef = 3FBCFE13259F8D2900994580 /* Array+Identifiable.swift */; };
		3FBCFE17259FEF0200994580 /* Array+Only.swift in Sources */ = {isa = PBXBuildFile; fileRef = 3FBCFE16259FEF0200994580 /* Array+Only.swift */; };
		3FDEDEF4259AB85D00256755 /* MemorizeApp.swift in Sources */ = {isa = PBXBuildFile; fileRef = 3FDEDEF3259AB85D00256755 /* MemorizeApp.swift */; };
		3FDEDEF6259AB85D00256755 /* EmojiMemoryGameView.swift in Sources */ = {isa = PBXBuildFile; fileRef = 3FDEDEF5259AB85D00256755 /* EmojiMemoryGameView.swift */; };
		3FDEDEF8259AB85E00256755 /* Assets.xcassets in Resources */ = {isa = PBXBuildFile; fileRef = 3FDEDEF7259AB85E00256755 /* Assets.xcassets */; };
		3FDEDEFB259AB85E00256755 /* Preview Assets.xcassets in Resources */ = {isa = PBXBuildFile; fileRef = 3FDEDEFA259AB85E00256755 /* Preview Assets.xcassets */; };
/* End PBXBuildFile section */

/* Begin PBXFileReference section */
		3F56ADFF25A14CA400C6F959 /* Pie.swift */ = {isa = PBXFileReference; lastKnownFileType = sourcecode.swift; path = Pie.swift; sourceTree = "<group>"; };
		3F56AE0225A1547600C6F959 /* Cardify.swift */ = {isa = PBXFileReference; lastKnownFileType = sourcecode.swift; path = Cardify.swift; sourceTree = "<group>"; };
		3F9C30BC259B699100D777AF /* MemoryGame.swift */ = {isa = PBXFileReference; lastKnownFileType = sourcecode.swift; path = MemoryGame.swift; sourceTree = "<group>"; };
		3F9C30BF259B6B9E00D777AF /* EmojiMemoryGame.swift */ = {isa = PBXFileReference; lastKnownFileType = sourcecode.swift; path = EmojiMemoryGame.swift; sourceTree = "<group>"; };
		3FBCFE0D259E650000994580 /* Grid.swift */ = {isa = PBXFileReference; lastKnownFileType = sourcecode.swift; path = Grid.swift; sourceTree = "<group>"; };
		3FBCFE10259F7AE100994580 /* GridLayout.swift */ = {isa = PBXFileReference; lastKnownFileType = sourcecode.swift; path = GridLayout.swift; sourceTree = "<group>"; };
		3FBCFE13259F8D2900994580 /* Array+Identifiable.swift */ = {isa = PBXFileReference; lastKnownFileType = sourcecode.swift; path = "Array+Identifiable.swift"; sourceTree = "<group>"; };
		3FBCFE16259FEF0200994580 /* Array+Only.swift */ = {isa = PBXFileReference; lastKnownFileType = sourcecode.swift; path = "Array+Only.swift"; sourceTree = "<group>"; };
		3FDEDEF0259AB85D00256755 /* Memorize.app */ = {isa = PBXFileReference; explicitFileType = wrapper.application; includeInIndex = 0; path = Memorize.app; sourceTree = BUILT_PRODUCTS_DIR; };
		3FDEDEF3259AB85D00256755 /* MemorizeApp.swift */ = {isa = PBXFileReference; lastKnownFileType = sourcecode.swift; path = MemorizeApp.swift; sourceTree = "<group>"; };
		3FDEDEF5259AB85D00256755 /* EmojiMemoryGameView.swift */ = {isa = PBXFileReference; lastKnownFileType = sourcecode.swift; path = EmojiMemoryGameView.swift; sourceTree = "<group>"; };
		3FDEDEF7259AB85E00256755 /* Assets.xcassets */ = {isa = PBXFileReference; lastKnownFileType = folder.assetcatalog; path = Assets.xcassets; sourceTree = "<group>"; };
		3FDEDEFA259AB85E00256755 /* Preview Assets.xcassets */ = {isa = PBXFileReference; lastKnownFileType = folder.assetcatalog; path = "Preview Assets.xcassets"; sourceTree = "<group>"; };
		3FDEDEFC259AB85E00256755 /* Info.plist */ = {isa = PBXFileReference; lastKnownFileType = text.plist.xml; path = Info.plist; sourceTree = "<group>"; };
/* End PBXFileReference section */

/* Begin PBXFrameworksBuildPhase section */
		3FDEDEED259AB85D00256755 /* Frameworks */ = {
			isa = PBXFrameworksBuildPhase;
			buildActionMask = 2147483647;
			files = (
			);
			runOnlyForDeploymentPostprocessing = 0;
		};
/* End PBXFrameworksBuildPhase section */

/* Begin PBXGroup section */
		3FDEDEE7259AB85D00256755 = {
			isa = PBXGroup;
			children = (
				3FDEDEF2259AB85D00256755 /* Memorize */,
				3FDEDEF1259AB85D00256755 /* Products */,
			);
			sourceTree = "<group>";
		};
		3FDEDEF1259AB85D00256755 /* Products */ = {
			isa = PBXGroup;
			children = (
				3FDEDEF0259AB85D00256755 /* Memorize.app */,
			);
			name = Products;
			sourceTree = "<group>";
		};
		3FDEDEF2259AB85D00256755 /* Memorize */ = {
			isa = PBXGroup;
			children = (
				3FDEDEF3259AB85D00256755 /* MemorizeApp.swift */,
				3FDEDEF5259AB85D00256755 /* EmojiMemoryGameView.swift */,
				3F56AE0225A1547600C6F959 /* Cardify.swift */,
				3F56ADFF25A14CA400C6F959 /* Pie.swift */,
				3F9C30BC259B699100D777AF /* MemoryGame.swift */,
				3F9C30BF259B6B9E00D777AF /* EmojiMemoryGame.swift */,
				3FDEDEF7259AB85E00256755 /* Assets.xcassets */,
				3FDEDEFC259AB85E00256755 /* Info.plist */,
				3FDEDEF9259AB85E00256755 /* Preview Content */,
				3FBCFE0D259E650000994580 /* Grid.swift */,
				3FBCFE13259F8D2900994580 /* Array+Identifiable.swift */,
				3FBCFE10259F7AE100994580 /* GridLayout.swift */,
				3FBCFE16259FEF0200994580 /* Array+Only.swift */,
			);
			path = Memorize;
			sourceTree = "<group>";
		};
		3FDEDEF9259AB85E00256755 /* Preview Content */ = {
			isa = PBXGroup;
			children = (
				3FDEDEFA259AB85E00256755 /* Preview Assets.xcassets */,
			);
			path = "Preview Content";
			sourceTree = "<group>";
		};
/* End PBXGroup section */

/* Begin PBXNativeTarget section */
		3FDEDEEF259AB85D00256755 /* Memorize */ = {
			isa = PBXNativeTarget;
			buildConfigurationList = 3FDEDEFF259AB85E00256755 /* Build configuration list for PBXNativeTarget "Memorize" */;
			buildPhases = (
				3FDEDEEC259AB85D00256755 /* Sources */,
				3FDEDEED259AB85D00256755 /* Frameworks */,
				3FDEDEEE259AB85D00256755 /* Resources */,
			);
			buildRules = (
			);
			dependencies = (
			);
			name = Memorize;
			productName = Memorize;
			productReference = 3FDEDEF0259AB85D00256755 /* Memorize.app */;
			productType = "com.apple.product-type.application";
		};
/* End PBXNativeTarget section */

/* Begin PBXProject section */
		3FDEDEE8259AB85D00256755 /* Project object */ = {
			isa = PBXProject;
			attributes = {
				LastSwiftUpdateCheck = 1230;
				LastUpgradeCheck = 1230;
				TargetAttributes = {
					3FDEDEEF259AB85D00256755 = {
						CreatedOnToolsVersion = 12.3;
					};
				};
			};
			buildConfigurationList = 3FDEDEEB259AB85D00256755 /* Build configuration list for PBXProject "Memorize" */;
			compatibilityVersion = "Xcode 9.3";
			developmentRegion = en;
			hasScannedForEncodings = 0;
			knownRegions = (
				en,
				Base,
			);
			mainGroup = 3FDEDEE7259AB85D00256755;
			productRefGroup = 3FDEDEF1259AB85D00256755 /* Products */;
			projectDirPath = "";
			projectRoot = "";
			targets = (
				3FDEDEEF259AB85D00256755 /* Memorize */,
			);
		};
/* End PBXProject section */

/* Begin PBXResourcesBuildPhase section */
		3FDEDEEE259AB85D00256755 /* Resources */ = {
			isa = PBXResourcesBuildPhase;
			buildActionMask = 2147483647;
			files = (
				3FDEDEFB259AB85E00256755 /* Preview Assets.xcassets in Resources */,
				3FDEDEF8259AB85E00256755 /* Assets.xcassets in Resources */,
			);
			runOnlyForDeploymentPostprocessing = 0;
		};
/* End PBXResourcesBuildPhase section */

/* Begin PBXSourcesBuildPhase section */
		3FDEDEEC259AB85D00256755 /* Sources */ = {
			isa = PBXSourcesBuildPhase;
			buildActionMask = 2147483647;
			files = (
				3F9C30BD259B699100D777AF /* MemoryGame.swift in Sources */,
				3FDEDEF6259AB85D00256755 /* EmojiMemoryGameView.swift in Sources */,
				3FDEDEF4259AB85D00256755 /* MemorizeApp.swift in Sources */,
				3F56AE0025A14CA400C6F959 /* Pie.swift in Sources */,
				3FBCFE11259F7AE100994580 /* GridLayout.swift in Sources */,
				3FBCFE0E259E650000994580 /* Grid.swift in Sources */,
				3FBCFE14259F8D2900994580 /* Array+Identifiable.swift in Sources */,
				3F9C30C0259B6B9E00D777AF /* EmojiMemoryGame.swift in Sources */,
				3F56AE0325A1547600C6F959 /* Cardify.swift in Sources */,
				3FBCFE17259FEF0200994580 /* Array+Only.swift in Sources */,
			);
			runOnlyForDeploymentPostprocessing = 0;
		};
/* End PBXSourcesBuildPhase section */

/* Begin XCBuildConfiguration section */
		3FDEDEFD259AB85E00256755 /* Debug */ = {
			isa = XCBuildConfiguration;
			buildSettings = {
				ALWAYS_SEARCH_USER_PATHS = NO;
				CLANG_ANALYZER_NONNULL = YES;
				CLANG_ANALYZER_NUMBER_OBJECT_CONVERSION = YES_AGGRESSIVE;
				CLANG_CXX_LANGUAGE_STANDARD = "gnu++14";
				CLANG_CXX_LIBRARY = "libc++";
				CLANG_ENABLE_MODULES = YES;
				CLANG_ENABLE_OBJC_ARC = YES;
				CLANG_ENABLE_OBJC_WEAK = YES;
				CLANG_WARN_BLOCK_CAPTURE_AUTORELEASING = YES;
				CLANG_WARN_BOOL_CONVERSION = YES;
				CLANG_WARN_COMMA = YES;
				CLANG_WARN_CONSTANT_CONVERSION = YES;
				CLANG_WARN_DEPRECATED_OBJC_IMPLEMENTATIONS = YES;
				CLANG_WARN_DIRECT_OBJC_ISA_USAGE = YES_ERROR;
				CLANG_WARN_DOCUMENTATION_COMMENTS = YES;
				CLANG_WARN_EMPTY_BODY = YES;
				CLANG_WARN_ENUM_CONVERSION = YES;
				CLANG_WARN_INFINITE_RECURSION = YES;
				CLANG_WARN_INT_CONVERSION = YES;
				CLANG_WARN_NON_LITERAL_NULL_CONVERSION = YES;
				CLANG_WARN_OBJC_IMPLICIT_RETAIN_SELF = YES;
				CLANG_WARN_OBJC_LITERAL_CONVERSION = YES;
				CLANG_WARN_OBJC_ROOT_CLASS = YES_ERROR;
				CLANG_WARN_QUOTED_INCLUDE_IN_FRAMEWORK_HEADER = YES;
				CLANG_WARN_RANGE_LOOP_ANALYSIS = YES;
				CLANG_WARN_STRICT_PROTOTYPES = YES;
				CLANG_WARN_SUSPICIOUS_MOVE = YES;
				CLANG_WARN_UNGUARDED_AVAILABILITY = YES_AGGRESSIVE;
				CLANG_WARN_UNREACHABLE_CODE = YES;
				CLANG_WARN__DUPLICATE_METHOD_MATCH = YES;
				COPY_PHASE_STRIP = NO;
				DEBUG_INFORMATION_FORMAT = dwarf;
				ENABLE_STRICT_OBJC_MSGSEND = YES;
				ENABLE_TESTABILITY = YES;
				GCC_C_LANGUAGE_STANDARD = gnu11;
				GCC_DYNAMIC_NO_PIC = NO;
				GCC_NO_COMMON_BLOCKS = YES;
				GCC_OPTIMIZATION_LEVEL = 0;
				GCC_PREPROCESSOR_DEFINITIONS = (
					"DEBUG=1",
					"$(inherited)",
				);
				GCC_WARN_64_TO_32_BIT_CONVERSION = YES;
				GCC_WARN_ABOUT_RETURN_TYPE = YES_ERROR;
				GCC_WARN_UNDECLARED_SELECTOR = YES;
				GCC_WARN_UNINITIALIZED_AUTOS = YES_AGGRESSIVE;
				GCC_WARN_UNUSED_FUNCTION = YES;
				GCC_WARN_UNUSED_VARIABLE = YES;
				IPHONEOS_DEPLOYMENT_TARGET = 14.3;
				MTL_ENABLE_DEBUG_INFO = INCLUDE_SOURCE;
				MTL_FAST_MATH = YES;
				ONLY_ACTIVE_ARCH = YES;
				SDKROOT = iphoneos;
				SWIFT_ACTIVE_COMPILATION_CONDITIONS = DEBUG;
				SWIFT_OPTIMIZATION_LEVEL = "-Onone";
			};
			name = Debug;
		};
		3FDEDEFE259AB85E00256755 /* Release */ = {
			isa = XCBuildConfiguration;
			buildSettings = {
				ALWAYS_SEARCH_USER_PATHS = NO;
				CLANG_ANALYZER_NONNULL = YES;
				CLANG_ANALYZER_NUMBER_OBJECT_CONVERSION = YES_AGGRESSIVE;
				CLANG_CXX_LANGUAGE_STANDARD = "gnu++14";
				CLANG_CXX_LIBRARY = "libc++";
				CLANG_ENABLE_MODULES = YES;
				CLANG_ENABLE_OBJC_ARC = YES;
				CLANG_ENABLE_OBJC_WEAK = YES;
				CLANG_WARN_BLOCK_CAPTURE_AUTORELEASING = YES;
				CLANG_WARN_BOOL_CONVERSION = YES;
				CLANG_WARN_COMMA = YES;
				CLANG_WARN_CONSTANT_CONVERSION = YES;
				CLANG_WARN_DEPRECATED_OBJC_IMPLEMENTATIONS = YES;
				CLANG_WARN_DIRECT_OBJC_ISA_USAGE = YES_ERROR;
				CLANG_WARN_DOCUMENTATION_COMMENTS = YES;
				CLANG_WARN_EMPTY_BODY = YES;
				CLANG_WARN_ENUM_CONVERSION = YES;
				CLANG_WARN_INFINITE_RECURSION = YES;
				CLANG_WARN_INT_CONVERSION = YES;
				CLANG_WARN_NON_LITERAL_NULL_CONVERSION = YES;
				CLANG_WARN_OBJC_IMPLICIT_RETAIN_SELF = YES;
				CLANG_WARN_OBJC_LITERAL_CONVERSION = YES;
				CLANG_WARN_OBJC_ROOT_CLASS = YES_ERROR;
				CLANG_WARN_QUOTED_INCLUDE_IN_FRAMEWORK_HEADER = YES;
				CLANG_WARN_RANGE_LOOP_ANALYSIS = YES;
				CLANG_WARN_STRICT_PROTOTYPES = YES;
				CLANG_WARN_SUSPICIOUS_MOVE = YES;
				CLANG_WARN_UNGUARDED_AVAILABILITY = YES_AGGRESSIVE;
				CLANG_WARN_UNREACHABLE_CODE = YES;
				CLANG_WARN__DUPLICATE_METHOD_MATCH = YES;
				COPY_PHASE_STRIP = NO;
				DEBUG_INFORMATION_FORMAT = "dwarf-with-dsym";
				ENABLE_NS_ASSERTIONS = NO;
				ENABLE_STRICT_OBJC_MSGSEND = YES;
				GCC_C_LANGUAGE_STANDARD = gnu11;
				GCC_NO_COMMON_BLOCKS = YES;
				GCC_WARN_64_TO_32_BIT_CONVERSION = YES;
				GCC_WARN_ABOUT_RETURN_TYPE = YES_ERROR;
				GCC_WARN_UNDECLARED_SELECTOR = YES;
				GCC_WARN_UNINITIALIZED_AUTOS = YES_AGGRESSIVE;
				GCC_WARN_UNUSED_FUNCTION = YES;
				GCC_WARN_UNUSED_VARIABLE = YES;
				IPHONEOS_DEPLOYMENT_TARGET = 14.3;
				MTL_ENABLE_DEBUG_INFO = NO;
				MTL_FAST_MATH = YES;
				SDKROOT = iphoneos;
				SWIFT_COMPILATION_MODE = wholemodule;
				SWIFT_OPTIMIZATION_LEVEL = "-O";
				VALIDATE_PRODUCT = YES;
			};
			name = Release;
		};
		3FDEDF00259AB85E00256755 /* Debug */ = {
			isa = XCBuildConfiguration;
			buildSettings = {
				ASSETCATALOG_COMPILER_APPICON_NAME = AppIcon;
				ASSETCATALOG_COMPILER_GLOBAL_ACCENT_COLOR_NAME = AccentColor;
				CODE_SIGN_STYLE = Automatic;
				DEVELOPMENT_ASSET_PATHS = "\"Memorize/Preview Content\"";
				DEVELOPMENT_TEAM = JKRN6B9S33;
				ENABLE_PREVIEWS = YES;
				INFOPLIST_FILE = Memorize/Info.plist;
				IPHONEOS_DEPLOYMENT_TARGET = 14.0;
				LD_RUNPATH_SEARCH_PATHS = (
					"$(inherited)",
					"@executable_path/Frameworks",
				);
				PRODUCT_BUNDLE_IDENTIFIER = edu.standford.cs193p.student.Memorize;
				PRODUCT_NAME = "$(TARGET_NAME)";
				SWIFT_VERSION = 5.0;
				TARGETED_DEVICE_FAMILY = "1,2";
			};
			name = Debug;
		};
		3FDEDF01259AB85E00256755 /* Release */ = {
			isa = XCBuildConfiguration;
			buildSettings = {
				ASSETCATALOG_COMPILER_APPICON_NAME = AppIcon;
				ASSETCATALOG_COMPILER_GLOBAL_ACCENT_COLOR_NAME = AccentColor;
				CODE_SIGN_STYLE = Automatic;
				DEVELOPMENT_ASSET_PATHS = "\"Memorize/Preview Content\"";
				DEVELOPMENT_TEAM = JKRN6B9S33;
				ENABLE_PREVIEWS = YES;
				INFOPLIST_FILE = Memorize/Info.plist;
				IPHONEOS_DEPLOYMENT_TARGET = 14.0;
				LD_RUNPATH_SEARCH_PATHS = (
					"$(inherited)",
					"@executable_path/Frameworks",
				);
				PRODUCT_BUNDLE_IDENTIFIER = edu.standford.cs193p.student.Memorize;
				PRODUCT_NAME = "$(TARGET_NAME)";
				SWIFT_VERSION = 5.0;
				TARGETED_DEVICE_FAMILY = "1,2";
			};
			name = Release;
		};
/* End XCBuildConfiguration section */

/* Begin XCConfigurationList section */
		3FDEDEEB259AB85D00256755 /* Build configuration list for PBXProject "Memorize" */ = {
			isa = XCConfigurationList;
			buildConfigurations = (
				3FDEDEFD259AB85E00256755 /* Debug */,
				3FDEDEFE259AB85E00256755 /* Release */,
			);
			defaultConfigurationIsVisible = 0;
			defaultConfigurationName = Release;
		};
		3FDEDEFF259AB85E00256755 /* Build configuration list for PBXNativeTarget "Memorize" */ = {
			isa = XCConfigurationList;
			buildConfigurations = (
				3FDEDF00259AB85E00256755 /* Debug */,
				3FDEDF01259AB85E00256755 /* Release */,
			);
			defaultConfigurationIsVisible = 0;
			defaultConfigurationName = Release;
		};
/* End XCConfigurationList section */
	};
	rootObject = 3FDEDEE8259AB85D00256755 /* Project object */;
}
